
Microsoft Visual Studio Solution File, Format Version 12.00
# Visual Studio Version 17
VisualStudioVersion = 17.14.36202.13 d17.14
MinimumVisualStudioVersion = 10.0.40219.1
Project("{FAE04EC0-301F-11D3-BF4B-00C04F79EFBC}") = "CrqAutomationApi", "CrqAutomationApi.csproj", "{4184618D-59D3-DC12-6892-6AB2061BD11F}"
EndProject
Global
	GlobalSection(SolutionConfigurationPlatforms) = preSolution
		Debug|Any CPU = Debug|Any CPU
		Release|Any CPU = Release|Any CPU
	EndGlobalSection
	GlobalSection(ProjectConfigurationPlatforms) = postSolution
		{4184618D-59D3-DC12-6892-6AB2061BD11F}.Debug|Any CPU.ActiveCfg = Debug|Any CPU
		{4184618D-59D3-DC12-6892-6AB2061BD11F}.Debug|Any CPU.Build.0 = Debug|Any CPU
		{4184618D-59D3-DC12-6892-6AB2061BD11F}.Release|Any CPU.ActiveCfg = Release|Any CPU
		{4184618D-59D3-DC12-6892-6AB2061BD11F}.Release|Any CPU.Build.0 = Release|Any CPU
	EndGlobalSection
	GlobalSection(SolutionProperties) = preSolution
		HideSolutionNode = FALSE
	EndGlobalSection
	GlobalSection(ExtensibilityGlobals) = postSolution
		SolutionGuid = {240EAC3A-41C9-47B3-B619-03EB6FCCB232}
	EndGlobalSection
EndGlobal
